schema: '2.0'
stages:
  data_load:
    cmd: python src/stages/data_load.py --config=params.yaml
    deps:
    - path: src/stages/data_load.py
      md5: ebc71be562bef12448a953eae1f8d147
      size: 956
    params:
      params.yaml:
        base:
          random_state: 42
          log_level: INFO
        data_load:
          dataset_csv: data/raw/iris.csv
    outs:
    - path: data/raw/iris.csv
      md5: 4224576f0267bf88902f87f0f6200967
      size: 2757
  featurize:
    cmd: python src/stages/featurize.py --config=params.yaml
    deps:
    - path: data/raw/iris.csv
      md5: 4224576f0267bf88902f87f0f6200967
      size: 2757
    - path: src/stages/featurize.py
      md5: fa1ec29f6ff564a3e3d305aea118be81
      size: 1292
    params:
      params.yaml:
        base:
          random_state: 42
          log_level: INFO
        data_load:
          dataset_csv: data/raw/iris.csv
        featurize:
          features_path: data/processed/featured_iris.csv
          target_column: target
    outs:
    - path: data/processed/featured_iris.csv
      md5: 5d03a1564b3038fc35a842f8e4bde491
      size: 7260
  data_split:
    cmd: python src/stages/data_split.py --config=params.yaml
    deps:
    - path: data/processed/featured_iris.csv
      md5: 5d03a1564b3038fc35a842f8e4bde491
      size: 7260
    - path: src/stages/data_split.py
      md5: 8dfe312ff90160af2ff57f15ac8cb829
      size: 1298
    params:
      params.yaml:
        base:
          random_state: 42
          log_level: INFO
        data_split:
          test_size: 0.2
          trainset_path: data/processed/train_iris.csv
          testset_path: data/processed/test_iris.csv
        featurize:
          features_path: data/processed/featured_iris.csv
          target_column: target
    outs:
    - path: data/processed/test_iris.csv
      md5: b5e45593a772fc66629488e1806505c4
      size: 1492
    - path: data/processed/train_iris.csv
      md5: ed8a7e5ba0a211251bdee6c498fe3eb4
      size: 5724
  train:
    cmd: python src/stages/train.py --config=params.yaml
    deps:
    - path: data/processed/train_iris.csv
      md5: ed8a7e5ba0a211251bdee6c498fe3eb4
      size: 5724
    - path: src/stages/train.py
      md5: 0f01f271bc8169c69ce724f19eacde07
      size: 1371
    params:
      params.yaml:
        base:
          random_state: 42
          log_level: INFO
        data_split.trainset_path: data/processed/train_iris.csv
        featurize.target_column: target
        train:
          cv: 3
          estimator_name: logreg
          estimators:
            logreg:
              param_grid:
                C:
                - 0.001
                max_iter:
                - 100
                solver:
                - lbfgs
                multi_class:
                - multinomial
            svm:
              param_grid:
                C:
                - 0.1
                - 1.0
                kernel:
                - rbf
                - linear
                gamma:
                - scale
                degree:
                - 3
                - 5
          model_path: models/model.joblib
    outs:
    - path: models/model.joblib
      md5: 73ec4935e889c8cb3f273e82f1a8b7cc
      size: 2669
  evaluate:
    cmd: python src/stages/evaluate.py --config=params.yaml
    deps:
    - path: data/processed/test_iris.csv
      md5: b5e45593a772fc66629488e1806505c4
      size: 1492
    - path: models/model.joblib
      md5: 73ec4935e889c8cb3f273e82f1a8b7cc
      size: 2669
    - path: src/stages/evaluate.py
      md5: 5589d607ffe0a7e4d82084b7377c9c78
      size: 3148
    params:
      params.yaml:
        base:
          random_state: 42
          log_level: INFO
        data_split.testset_path: data/processed/test_iris.csv
        evaluate:
          reports_dir: reports
          metrics_file: metrics.json
          confusion_matrix_image: confusion_matrix.png
          confusion_matrix_data: confusion_matrix_data.csv
        featurize.target_column: target
    outs:
    - path: reports/confusion_matrix.png
      md5: 66ef3d9ad539de0b1d186bc758c97cd8
      size: 25024
    - path: reports/confusion_matrix_data.csv
      md5: 0c4c338c5b47da4e5d4b8caf497c1b53
      size: 573
    - path: reports/metrics.json
      md5: d533847a0ca14ca93752b1b1f1df349e
      size: 32
